
Microsoft Visual Studio Solution File, Format Version 12.00
# Visual Studio Version 16
VisualStudioVersion = 16.0.30011.22
MinimumVisualStudioVersion = 10.0.40219.1
Project("{8BC9CEB8-8B4A-11D0-8D11-00A0C91BC942}") = "phong_cpp", "phong_cs\phong_cs.vcxproj", "{CDF39BEA-6130-4C75-9F38-E9D414BD1F02}"
EndProject
Project("{8BC9CEB8-8B4A-11D0-8D11-00A0C91BC942}") = "phong_cpp_dll", "phong_cs_dll\phong_cs_dll.vcxproj", "{1A8CC7C7-E905-4EE3-B090-8FE53E8F820C}"
EndProject
Project("{8BC9CEB8-8B4A-11D0-8D11-00A0C91BC942}") = "Phong", "Phong\Phong.vcxproj", "{6A469E6D-176F-4A38-AD68-BE1D0DDE3419}"
EndProject
Global
	GlobalSection(SolutionConfigurationPlatforms) = preSolution
		Debug|Any CPU = Debug|Any CPU
		Debug|x64 = Debug|x64
		Debug|x86 = Debug|x86
		Release|Any CPU = Release|Any CPU
		Release|x64 = Release|x64
		Release|x86 = Release|x86
	EndGlobalSection
	GlobalSection(ProjectConfigurationPlatforms) = postSolution
		{CDF39BEA-6130-4C75-9F38-E9D414BD1F02}.Debug|Any CPU.ActiveCfg = Debug|Win32
		{CDF39BEA-6130-4C75-9F38-E9D414BD1F02}.Debug|x64.ActiveCfg = Debug|x64
		{CDF39BEA-6130-4C75-9F38-E9D414BD1F02}.Debug|x64.Build.0 = Debug|x64
		{CDF39BEA-6130-4C75-9F38-E9D414BD1F02}.Debug|x86.ActiveCfg = Debug|Win32
		{CDF39BEA-6130-4C75-9F38-E9D414BD1F02}.Debug|x86.Build.0 = Debug|Win32
		{CDF39BEA-6130-4C75-9F38-E9D414BD1F02}.Release|Any CPU.ActiveCfg = Release|Win32
		{CDF39BEA-6130-4C75-9F38-E9D414BD1F02}.Release|x64.ActiveCfg = Release|x64
		{CDF39BEA-6130-4C75-9F38-E9D414BD1F02}.Release|x64.Build.0 = Release|x64
		{CDF39BEA-6130-4C75-9F38-E9D414BD1F02}.Release|x86.ActiveCfg = Release|Win32
		{CDF39BEA-6130-4C75-9F38-E9D414BD1F02}.Release|x86.Build.0 = Release|Win32
		{1A8CC7C7-E905-4EE3-B090-8FE53E8F820C}.Debug|Any CPU.ActiveCfg = Debug|Win32
		{1A8CC7C7-E905-4EE3-B090-8FE53E8F820C}.Debug|x64.ActiveCfg = Debug|x64
		{1A8CC7C7-E905-4EE3-B090-8FE53E8F820C}.Debug|x64.Build.0 = Debug|x64
		{1A8CC7C7-E905-4EE3-B090-8FE53E8F820C}.Debug|x86.ActiveCfg = Debug|Win32
		{1A8CC7C7-E905-4EE3-B090-8FE53E8F820C}.Debug|x86.Build.0 = Debug|Win32
		{1A8CC7C7-E905-4EE3-B090-8FE53E8F820C}.Release|Any CPU.ActiveCfg = Release|Win32
		{1A8CC7C7-E905-4EE3-B090-8FE53E8F820C}.Release|x64.ActiveCfg = Release|x64
		{1A8CC7C7-E905-4EE3-B090-8FE53E8F820C}.Release|x64.Build.0 = Release|x64
		{1A8CC7C7-E905-4EE3-B090-8FE53E8F820C}.Release|x86.ActiveCfg = Release|Win32
		{1A8CC7C7-E905-4EE3-B090-8FE53E8F820C}.Release|x86.Build.0 = Release|Win32
		{6A469E6D-176F-4A38-AD68-BE1D0DDE3419}.Debug|Any CPU.ActiveCfg = Debug|Win32
		{6A469E6D-176F-4A38-AD68-BE1D0DDE3419}.Debug|x64.ActiveCfg = Debug|x64
		{6A469E6D-176F-4A38-AD68-BE1D0DDE3419}.Debug|x64.Build.0 = Debug|x64
		{6A469E6D-176F-4A38-AD68-BE1D0DDE3419}.Debug|x86.ActiveCfg = Debug|Win32
		{6A469E6D-176F-4A38-AD68-BE1D0DDE3419}.Debug|x86.Build.0 = Debug|Win32
		{6A469E6D-176F-4A38-AD68-BE1D0DDE3419}.Release|Any CPU.ActiveCfg = Release|Win32
		{6A469E6D-176F-4A38-AD68-BE1D0DDE3419}.Release|x64.ActiveCfg = Release|x64
		{6A469E6D-176F-4A38-AD68-BE1D0DDE3419}.Release|x64.Build.0 = Release|x64
		{6A469E6D-176F-4A38-AD68-BE1D0DDE3419}.Release|x86.ActiveCfg = Release|Win32
		{6A469E6D-176F-4A38-AD68-BE1D0DDE3419}.Release|x86.Build.0 = Release|Win32
	EndGlobalSection
	GlobalSection(SolutionProperties) = preSolution
		HideSolutionNode = FALSE
	EndGlobalSection
	GlobalSection(ExtensibilityGlobals) = postSolution
		SolutionGuid = {9F9B4305-DA5F-4F8E-BC4A-81BA07D9D865}
	EndGlobalSection
EndGlobal
